
Microsoft Visual Studio Solution File, Format Version 12.00
# Visual Studio Version 17
VisualStudioVersion = 17.14.36623.8
MinimumVisualStudioVersion = 10.0.40219.1
Project("{FAE04EC0-301F-11D3-BF4B-00C04F79EFBC}") = "Biblioteka", "Biblioteka\Biblioteka.csproj", "{549454B4-5107-4225-B334-DC9217D49BA7}"
EndProject
Project("{FAE04EC0-301F-11D3-BF4B-00C04F79EFBC}") = "Biblioteka.Domain", "Biblioteka.Domain\Biblioteka.Domain.csproj", "{704690BB-DFEE-4849-A37A-4D73DD5D361B}"
EndProject
Project("{FAE04EC0-301F-11D3-BF4B-00C04F79EFBC}") = "Biblioteka.Infrastructure", "Biblioteka.Infrastructure\Biblioteka.Infrastructure.csproj", "{28D34447-24F8-4370-BAD6-6CCF385506C5}"
EndProject
Global
	GlobalSection(SolutionConfigurationPlatforms) = preSolution
		Debug|Any CPU = Debug|Any CPU
		Release|Any CPU = Release|Any CPU
	EndGlobalSection
	GlobalSection(ProjectConfigurationPlatforms) = postSolution
		{549454B4-5107-4225-B334-DC9217D49BA7}.Debug|Any CPU.ActiveCfg = Debug|Any CPU
		{549454B4-5107-4225-B334-DC9217D49BA7}.Debug|Any CPU.Build.0 = Debug|Any CPU
		{549454B4-5107-4225-B334-DC9217D49BA7}.Release|Any CPU.ActiveCfg = Release|Any CPU
		{549454B4-5107-4225-B334-DC9217D49BA7}.Release|Any CPU.Build.0 = Release|Any CPU
		{704690BB-DFEE-4849-A37A-4D73DD5D361B}.Debug|Any CPU.ActiveCfg = Debug|Any CPU
		{704690BB-DFEE-4849-A37A-4D73DD5D361B}.Debug|Any CPU.Build.0 = Debug|Any CPU
		{704690BB-DFEE-4849-A37A-4D73DD5D361B}.Release|Any CPU.ActiveCfg = Release|Any CPU
		{704690BB-DFEE-4849-A37A-4D73DD5D361B}.Release|Any CPU.Build.0 = Release|Any CPU
		{28D34447-24F8-4370-BAD6-6CCF385506C5}.Debug|Any CPU.ActiveCfg = Debug|Any CPU
		{28D34447-24F8-4370-BAD6-6CCF385506C5}.Debug|Any CPU.Build.0 = Debug|Any CPU
		{28D34447-24F8-4370-BAD6-6CCF385506C5}.Release|Any CPU.ActiveCfg = Release|Any CPU
		{28D34447-24F8-4370-BAD6-6CCF385506C5}.Release|Any CPU.Build.0 = Release|Any CPU
	EndGlobalSection
	GlobalSection(SolutionProperties) = preSolution
		HideSolutionNode = FALSE
	EndGlobalSection
	GlobalSection(ExtensibilityGlobals) = postSolution
		SolutionGuid = {64A072A5-5F07-448C-8AF2-28133026907A}
	EndGlobalSection
EndGlobal
